// !$*UTF8*$!
{
	archiveVersion = 1;
	classes = {
	};
	objectVersion = 46;
	objects = {

/* Begin PBXBuildFile section */
		B507A60D1A529706003BD723 /* POI.png in Resources */ = {isa = PBXBuildFile; fileRef = B507A6091A529706003BD723 /* POI.png */; };
		B507A60E1A529706003BD723 /* Picnic.png in Resources */ = {isa = PBXBuildFile; fileRef = B507A60A1A529706003BD723 /* Picnic.png */; };
		B507A60F1A529706003BD723 /* Camp.png in Resources */ = {isa = PBXBuildFile; fileRef = B507A60B1A529706003BD723 /* Camp.png */; };
		B507A6101A529706003BD723 /* Parking.png in Resources */ = {isa = PBXBuildFile; fileRef = B507A60C1A529706003BD723 /* Parking.png */; };
		B507A6141A55F45E003BD723 /* ElevationGetter.swift in Sources */ = {isa = PBXBuildFile; fileRef = B507A6131A55F45E003BD723 /* ElevationGetter.swift */; };
		B507A6161A55FA3D003BD723 /* CalloutView.swift in Sources */ = {isa = PBXBuildFile; fileRef = B507A6151A55FA3D003BD723 /* CalloutView.swift */; };
		B51479691A26F076004A7C76 /* AppDelegate.swift in Sources */ = {isa = PBXBuildFile; fileRef = B51479681A26F076004A7C76 /* AppDelegate.swift */; };
		B514796C1A26F076004A7C76 /* Graphs.xcdatamodeld in Sources */ = {isa = PBXBuildFile; fileRef = B514796A1A26F076004A7C76 /* Graphs.xcdatamodeld */; };
		B514796E1A26F076004A7C76 /* ViewController.swift in Sources */ = {isa = PBXBuildFile; fileRef = B514796D1A26F076004A7C76 /* ViewController.swift */; };
		B51479711A26F076004A7C76 /* Main.storyboard in Resources */ = {isa = PBXBuildFile; fileRef = B514796F1A26F076004A7C76 /* Main.storyboard */; };
		B51479731A26F076004A7C76 /* Images.xcassets in Resources */ = {isa = PBXBuildFile; fileRef = B51479721A26F076004A7C76 /* Images.xcassets */; };
		B51479761A26F076004A7C76 /* LaunchScreen.xib in Resources */ = {isa = PBXBuildFile; fileRef = B51479741A26F076004A7C76 /* LaunchScreen.xib */; };
		B51479821A26F076004A7C76 /* GraphsTests.swift in Sources */ = {isa = PBXBuildFile; fileRef = B51479811A26F076004A7C76 /* GraphsTests.swift */; };
		B514798C1A291B48004A7C76 /* Node.swift in Sources */ = {isa = PBXBuildFile; fileRef = B514798B1A291B48004A7C76 /* Node.swift */; };
		B514798E1A291C9C004A7C76 /* Edge.swift in Sources */ = {isa = PBXBuildFile; fileRef = B514798D1A291C9C004A7C76 /* Edge.swift */; };
		B51479901A294560004A7C76 /* Graph.swift in Sources */ = {isa = PBXBuildFile; fileRef = B514798F1A294560004A7C76 /* Graph.swift */; };
		B51479941A295653004A7C76 /* Route.swift in Sources */ = {isa = PBXBuildFile; fileRef = B51479931A295653004A7C76 /* Route.swift */; };
		B51479981A2A8359004A7C76 /* Dijkstra.swift in Sources */ = {isa = PBXBuildFile; fileRef = B51479971A2A8359004A7C76 /* Dijkstra.swift */; };
		B53D70E81A81160700D75A4A /* rivers.txt in Resources */ = {isa = PBXBuildFile; fileRef = B53D70E71A81160700D75A4A /* rivers.txt */; };
		B53D70EA1A81163A00D75A4A /* RiverReader.swift in Sources */ = {isa = PBXBuildFile; fileRef = B53D70E91A81163A00D75A4A /* RiverReader.swift */; };
		B550B33F1A5609DA005A9C4A /* waypointIcon.png in Resources */ = {isa = PBXBuildFile; fileRef = B550B33E1A5609DA005A9C4A /* waypointIcon.png */; };
		B550B3411A5609FD005A9C4A /* destinationIcon.png in Resources */ = {isa = PBXBuildFile; fileRef = B550B3401A5609FD005A9C4A /* destinationIcon.png */; };
		B550B3431A59E698005A9C4A /* campRed.png in Resources */ = {isa = PBXBuildFile; fileRef = B550B3421A59E698005A9C4A /* campRed.png */; };
		B550B3451A59EBFA005A9C4A /* picnicRed.png in Resources */ = {isa = PBXBuildFile; fileRef = B550B3441A59EBFA005A9C4A /* picnicRed.png */; };
		B550B3491A59EC66005A9C4A /* junctionRed.png in Resources */ = {isa = PBXBuildFile; fileRef = B550B3461A59EC66005A9C4A /* junctionRed.png */; };
		B550B34A1A59EC66005A9C4A /* parkingRed.png in Resources */ = {isa = PBXBuildFile; fileRef = B550B3471A59EC66005A9C4A /* parkingRed.png */; };
		B550B34B1A59EC66005A9C4A /* POIRed.png in Resources */ = {isa = PBXBuildFile; fileRef = B550B3481A59EC66005A9C4A /* POIRed.png */; };
		B550B34D1A59F967005A9C4A /* confirm.png in Resources */ = {isa = PBXBuildFile; fileRef = B550B34C1A59F967005A9C4A /* confirm.png */; };
		B550B34F1A59FB35005A9C4A /* arrow.png in Resources */ = {isa = PBXBuildFile; fileRef = B550B34E1A59FB35005A9C4A /* arrow.png */; };
		B550B3511A5A0192005A9C4A /* night.png in Resources */ = {isa = PBXBuildFile; fileRef = B550B3501A5A0192005A9C4A /* night.png */; };
		B550B3531A5A0282005A9C4A /* walking.png in Resources */ = {isa = PBXBuildFile; fileRef = B550B3521A5A0282005A9C4A /* walking.png */; };
		B550B3551A5A507D005A9C4A /* parkingThin.png in Resources */ = {isa = PBXBuildFile; fileRef = B550B3541A5A507D005A9C4A /* parkingThin.png */; };
		B550B3571A5A5B8B005A9C4A /* delete.png in Resources */ = {isa = PBXBuildFile; fileRef = B550B3561A5A5B8B005A9C4A /* delete.png */; };
		B571680C1A2F0C0600921078 /* KMLWriter.swift in Sources */ = {isa = PBXBuildFile; fileRef = B571680B1A2F0C0600921078 /* KMLWriter.swift */; };
		B571680E1A2F0E4400921078 /* output.kml in Resources */ = {isa = PBXBuildFile; fileRef = B571680D1A2F0E4400921078 /* output.kml */; };
		B57168101A2F0FE500921078 /* KMLHeader.txt in Resources */ = {isa = PBXBuildFile; fileRef = B571680F1A2F0FE500921078 /* KMLHeader.txt */; };
		B57168121A2F100200921078 /* NodeHeader.txt in Resources */ = {isa = PBXBuildFile; fileRef = B57168111A2F100200921078 /* NodeHeader.txt */; };
		B57168141A2F103500921078 /* NodeFooter.txt in Resources */ = {isa = PBXBuildFile; fileRef = B57168131A2F103500921078 /* NodeFooter.txt */; };
		B57168161A2F106700921078 /* NodeSection3.txt in Resources */ = {isa = PBXBuildFile; fileRef = B57168151A2F106700921078 /* NodeSection3.txt */; };
		B57168181A2F10B700921078 /* EdgeHeader.txt in Resources */ = {isa = PBXBuildFile; fileRef = B57168171A2F10B700921078 /* EdgeHeader.txt */; };
		B571681A1A2F10D500921078 /* EdgeSection2White.txt in Resources */ = {isa = PBXBuildFile; fileRef = B57168191A2F10D500921078 /* EdgeSection2White.txt */; };
		B571681C1A2F10EC00921078 /* EdgeFooter.txt in Resources */ = {isa = PBXBuildFile; fileRef = B571681B1A2F10EC00921078 /* EdgeFooter.txt */; };
		B571681E1A2F110C00921078 /* KMLFooter.txt in Resources */ = {isa = PBXBuildFile; fileRef = B571681D1A2F110C00921078 /* KMLFooter.txt */; };
		B57168241A2F143700921078 /* coordinateData.txt in Resources */ = {isa = PBXBuildFile; fileRef = B57168231A2F143700921078 /* coordinateData.txt */; };
		B57168261A3183DB00921078 /* input.txt in Resources */ = {isa = PBXBuildFile; fileRef = B57168251A3183DB00921078 /* input.txt */; };
		B57168281A31841700921078 /* output.txt in Resources */ = {isa = PBXBuildFile; fileRef = B57168271A31841700921078 /* output.txt */; };
		B573B4181A31A55A0093F06B /* NodeSection4.txt in Resources */ = {isa = PBXBuildFile; fileRef = B573B4171A31A55A0093F06B /* NodeSection4.txt */; };
		B58B50EB1A51CC6600407BB1 /* Invisible.txt in Resources */ = {isa = PBXBuildFile; fileRef = B58B50EA1A51CC6600407BB1 /* Invisible.txt */; };
		B58B50ED1A51CC7900407BB1 /* FolderSection2.txt in Resources */ = {isa = PBXBuildFile; fileRef = B58B50EC1A51CC7900407BB1 /* FolderSection2.txt */; };
		B58B50EF1A51CC8C00407BB1 /* FolderHeader.txt in Resources */ = {isa = PBXBuildFile; fileRef = B58B50EE1A51CC8C00407BB1 /* FolderHeader.txt */; };
		B58B50F11A51CCBD00407BB1 /* FolderFooter.txt in Resources */ = {isa = PBXBuildFile; fileRef = B58B50F01A51CCBD00407BB1 /* FolderFooter.txt */; };
		B58B50F31A51CCE400407BB1 /* FolderOpen.txt in Resources */ = {isa = PBXBuildFile; fileRef = B58B50F21A51CCE400407BB1 /* FolderOpen.txt */; };
		B58B50F51A51D61A00407BB1 /* graph.kml in Resources */ = {isa = PBXBuildFile; fileRef = B58B50F41A51D61A00407BB1 /* graph.kml */; };
		B58B50F71A51D91500407BB1 /* NodeSection2.txt in Resources */ = {isa = PBXBuildFile; fileRef = B58B50F61A51D91500407BB1 /* NodeSection2.txt */; };
		B58B50F91A51F1A400407BB1 /* EdgeSection2Blue.txt in Resources */ = {isa = PBXBuildFile; fileRef = B58B50F81A51F1A400407BB1 /* EdgeSection2Blue.txt */; };
		B58B50FC1A522BE600407BB1 /* MapKit.framework in Frameworks */ = {isa = PBXBuildFile; fileRef = B58B50FB1A522BE600407BB1 /* MapKit.framework */; };
		B58B51021A526A1300407BB1 /* NodeAnnotation.swift in Sources */ = {isa = PBXBuildFile; fileRef = B58B51011A526A1300407BB1 /* NodeAnnotation.swift */; };
		B58B510C1A52720A00407BB1 /* Junction.png in Resources */ = {isa = PBXBuildFile; fileRef = B58B510B1A52720A00407BB1 /* Junction.png */; };
		B5BAF2FF1A2EDD5000DE1262 /* nodes,edges.txt in Resources */ = {isa = PBXBuildFile; fileRef = B5BAF2FE1A2EDD4F00DE1262 /* nodes,edges.txt */; };
		B5BAF3011A2EDD8000DE1262 /* GraphReader.swift in Sources */ = {isa = PBXBuildFile; fileRef = B5BAF3001A2EDD8000DE1262 /* GraphReader.swift */; };
		B5EE37581A3EBE26004F483C /* Coordinate.swift in Sources */ = {isa = PBXBuildFile; fileRef = B5EE37571A3EBE26004F483C /* Coordinate.swift */; };
		B5EE378A1A47E706004F483C /* SceneKit.framework in Frameworks */ = {isa = PBXBuildFile; fileRef = B5EE37891A47E706004F483C /* SceneKit.framework */; };
		B5EE378D1A480E64004F483C /* GLKit.framework in Frameworks */ = {isa = PBXBuildFile; fileRef = B5EE378B1A480DA4004F483C /* GLKit.framework */; };
/* End PBXBuildFile section */

/* Begin PBXContainerItemProxy section */
		B514797C1A26F076004A7C76 /* PBXContainerItemProxy */ = {
			isa = PBXContainerItemProxy;
			containerPortal = B514795B1A26F075004A7C76 /* Project object */;
			proxyType = 1;
			remoteGlobalIDString = B51479621A26F076004A7C76;
			remoteInfo = Graphs;
		};
/* End PBXContainerItemProxy section */

/* Begin PBXFileReference section */
		B507A6091A529706003BD723 /* POI.png */ = {isa = PBXFileReference; lastKnownFileType = image.png; path = POI.png; sourceTree = "<group>"; };
		B507A60A1A529706003BD723 /* Picnic.png */ = {isa = PBXFileReference; lastKnownFileType = image.png; path = Picnic.png; sourceTree = "<group>"; };
		B507A60B1A529706003BD723 /* Camp.png */ = {isa = PBXFileReference; lastKnownFileType = image.png; path = Camp.png; sourceTree = "<group>"; };
		B507A60C1A529706003BD723 /* Parking.png */ = {isa = PBXFileReference; lastKnownFileType = image.png; path = Parking.png; sourceTree = "<group>"; };
		B507A6131A55F45E003BD723 /* ElevationGetter.swift */ = {isa = PBXFileReference; fileEncoding = 4; lastKnownFileType = sourcecode.swift; path = ElevationGetter.swift; sourceTree = "<group>"; };
		B507A6151A55FA3D003BD723 /* CalloutView.swift */ = {isa = PBXFileReference; fileEncoding = 4; lastKnownFileType = sourcecode.swift; path = CalloutView.swift; sourceTree = "<group>"; };
		B51479631A26F076004A7C76 /* Graphs.app */ = {isa = PBXFileReference; explicitFileType = wrapper.application; includeInIndex = 0; path = Graphs.app; sourceTree = BUILT_PRODUCTS_DIR; };
		B51479671A26F076004A7C76 /* Info.plist */ = {isa = PBXFileReference; lastKnownFileType = text.plist.xml; path = Info.plist; sourceTree = "<group>"; };
		B51479681A26F076004A7C76 /* AppDelegate.swift */ = {isa = PBXFileReference; lastKnownFileType = sourcecode.swift; path = AppDelegate.swift; sourceTree = "<group>"; };
		B514796B1A26F076004A7C76 /* Graphs.xcdatamodel */ = {isa = PBXFileReference; lastKnownFileType = wrapper.xcdatamodel; path = Graphs.xcdatamodel; sourceTree = "<group>"; };
		B514796D1A26F076004A7C76 /* ViewController.swift */ = {isa = PBXFileReference; lastKnownFileType = sourcecode.swift; path = ViewController.swift; sourceTree = "<group>"; };
		B51479701A26F076004A7C76 /* Base */ = {isa = PBXFileReference; lastKnownFileType = file.storyboard; name = Base; path = Base.lproj/Main.storyboard; sourceTree = "<group>"; };
		B51479721A26F076004A7C76 /* Images.xcassets */ = {isa = PBXFileReference; lastKnownFileType = folder.assetcatalog; path = Images.xcassets; sourceTree = "<group>"; };
		B51479751A26F076004A7C76 /* Base */ = {isa = PBXFileReference; lastKnownFileType = file.xib; name = Base; path = Base.lproj/LaunchScreen.xib; sourceTree = "<group>"; };
		B514797B1A26F076004A7C76 /* GraphsTests.xctest */ = {isa = PBXFileReference; explicitFileType = wrapper.cfbundle; includeInIndex = 0; path = GraphsTests.xctest; sourceTree = BUILT_PRODUCTS_DIR; };
		B51479801A26F076004A7C76 /* Info.plist */ = {isa = PBXFileReference; lastKnownFileType = text.plist.xml; path = Info.plist; sourceTree = "<group>"; };
		B51479811A26F076004A7C76 /* GraphsTests.swift */ = {isa = PBXFileReference; lastKnownFileType = sourcecode.swift; path = GraphsTests.swift; sourceTree = "<group>"; };
		B514798B1A291B48004A7C76 /* Node.swift */ = {isa = PBXFileReference; fileEncoding = 4; lastKnownFileType = sourcecode.swift; path = Node.swift; sourceTree = "<group>"; };
		B514798D1A291C9C004A7C76 /* Edge.swift */ = {isa = PBXFileReference; fileEncoding = 4; lastKnownFileType = sourcecode.swift; path = Edge.swift; sourceTree = "<group>"; };
		B514798F1A294560004A7C76 /* Graph.swift */ = {isa = PBXFileReference; fileEncoding = 4; lastKnownFileType = sourcecode.swift; name = Graph.swift; path = ../Graph.swift; sourceTree = "<group>"; };
		B51479931A295653004A7C76 /* Route.swift */ = {isa = PBXFileReference; fileEncoding = 4; lastKnownFileType = sourcecode.swift; path = Route.swift; sourceTree = "<group>"; };
		B51479971A2A8359004A7C76 /* Dijkstra.swift */ = {isa = PBXFileReference; fileEncoding = 4; lastKnownFileType = sourcecode.swift; path = Dijkstra.swift; sourceTree = "<group>"; };
		B53D70E71A81160700D75A4A /* rivers.txt */ = {isa = PBXFileReference; fileEncoding = 4; lastKnownFileType = text; path = rivers.txt; sourceTree = "<group>"; };
		B53D70E91A81163A00D75A4A /* RiverReader.swift */ = {isa = PBXFileReference; fileEncoding = 4; lastKnownFileType = sourcecode.swift; path = RiverReader.swift; sourceTree = "<group>"; };
		B550B33E1A5609DA005A9C4A /* waypointIcon.png */ = {isa = PBXFileReference; lastKnownFileType = image.png; path = waypointIcon.png; sourceTree = "<group>"; };
		B550B3401A5609FD005A9C4A /* destinationIcon.png */ = {isa = PBXFileReference; lastKnownFileType = image.png; path = destinationIcon.png; sourceTree = "<group>"; };
		B550B3421A59E698005A9C4A /* campRed.png */ = {isa = PBXFileReference; lastKnownFileType = image.png; path = campRed.png; sourceTree = "<group>"; };
		B550B3441A59EBFA005A9C4A /* picnicRed.png */ = {isa = PBXFileReference; lastKnownFileType = image.png; path = picnicRed.png; sourceTree = "<group>"; };
		B550B3461A59EC66005A9C4A /* junctionRed.png */ = {isa = PBXFileReference; lastKnownFileType = image.png; path = junctionRed.png; sourceTree = "<group>"; };
		B550B3471A59EC66005A9C4A /* parkingRed.png */ = {isa = PBXFileReference; lastKnownFileType = image.png; path = parkingRed.png; sourceTree = "<group>"; };
		B550B3481A59EC66005A9C4A /* POIRed.png */ = {isa = PBXFileReference; lastKnownFileType = image.png; path = POIRed.png; sourceTree = "<group>"; };
		B550B34C1A59F967005A9C4A /* confirm.png */ = {isa = PBXFileReference; lastKnownFileType = image.png; path = confirm.png; sourceTree = "<group>"; };
		B550B34E1A59FB35005A9C4A /* arrow.png */ = {isa = PBXFileReference; lastKnownFileType = image.png; path = arrow.png; sourceTree = "<group>"; };
		B550B3501A5A0192005A9C4A /* night.png */ = {isa = PBXFileReference; lastKnownFileType = image.png; path = night.png; sourceTree = "<group>"; };
		B550B3521A5A0282005A9C4A /* walking.png */ = {isa = PBXFileReference; lastKnownFileType = image.png; path = walking.png; sourceTree = "<group>"; };
		B550B3541A5A507D005A9C4A /* parkingThin.png */ = {isa = PBXFileReference; lastKnownFileType = image.png; path = parkingThin.png; sourceTree = "<group>"; };
		B550B3561A5A5B8B005A9C4A /* delete.png */ = {isa = PBXFileReference; lastKnownFileType = image.png; path = delete.png; sourceTree = "<group>"; };
		B571680B1A2F0C0600921078 /* KMLWriter.swift */ = {isa = PBXFileReference; fileEncoding = 4; lastKnownFileType = sourcecode.swift; path = KMLWriter.swift; sourceTree = "<group>"; };
		B571680D1A2F0E4400921078 /* output.kml */ = {isa = PBXFileReference; fileEncoding = 4; lastKnownFileType = text; path = output.kml; sourceTree = "<group>"; };
		B571680F1A2F0FE500921078 /* KMLHeader.txt */ = {isa = PBXFileReference; fileEncoding = 4; lastKnownFileType = text; path = KMLHeader.txt; sourceTree = "<group>"; };
		B57168111A2F100200921078 /* NodeHeader.txt */ = {isa = PBXFileReference; fileEncoding = 4; lastKnownFileType = text; path = NodeHeader.txt; sourceTree = "<group>"; };
		B57168131A2F103500921078 /* NodeFooter.txt */ = {isa = PBXFileReference; fileEncoding = 4; lastKnownFileType = text; path = NodeFooter.txt; sourceTree = "<group>"; };
		B57168151A2F106700921078 /* NodeSection3.txt */ = {isa = PBXFileReference; fileEncoding = 4; lastKnownFileType = text; path = NodeSection3.txt; sourceTree = "<group>"; };
		B57168171A2F10B700921078 /* EdgeHeader.txt */ = {isa = PBXFileReference; fileEncoding = 4; lastKnownFileType = text; path = EdgeHeader.txt; sourceTree = "<group>"; };
		B57168191A2F10D500921078 /* EdgeSection2White.txt */ = {isa = PBXFileReference; fileEncoding = 4; lastKnownFileType = text; path = EdgeSection2White.txt; sourceTree = "<group>"; };
		B571681B1A2F10EC00921078 /* EdgeFooter.txt */ = {isa = PBXFileReference; fileEncoding = 4; lastKnownFileType = text; path = EdgeFooter.txt; sourceTree = "<group>"; };
		B571681D1A2F110C00921078 /* KMLFooter.txt */ = {isa = PBXFileReference; fileEncoding = 4; lastKnownFileType = text; path = KMLFooter.txt; sourceTree = "<group>"; };
		B57168231A2F143700921078 /* coordinateData.txt */ = {isa = PBXFileReference; fileEncoding = 4; lastKnownFileType = text; path = coordinateData.txt; sourceTree = "<group>"; };
		B57168251A3183DB00921078 /* input.txt */ = {isa = PBXFileReference; fileEncoding = 4; lastKnownFileType = text; path = input.txt; sourceTree = "<group>"; };
		B57168271A31841700921078 /* output.txt */ = {isa = PBXFileReference; fileEncoding = 4; lastKnownFileType = text; path = output.txt; sourceTree = "<group>"; };
		B573B4171A31A55A0093F06B /* NodeSection4.txt */ = {isa = PBXFileReference; fileEncoding = 4; lastKnownFileType = text; path = NodeSection4.txt; sourceTree = "<group>"; };
		B58B50EA1A51CC6600407BB1 /* Invisible.txt */ = {isa = PBXFileReference; fileEncoding = 4; lastKnownFileType = text; path = Invisible.txt; sourceTree = "<group>"; };
		B58B50EC1A51CC7900407BB1 /* FolderSection2.txt */ = {isa = PBXFileReference; fileEncoding = 4; lastKnownFileType = text; path = FolderSection2.txt; sourceTree = "<group>"; };
		B58B50EE1A51CC8C00407BB1 /* FolderHeader.txt */ = {isa = PBXFileReference; fileEncoding = 4; lastKnownFileType = text; path = FolderHeader.txt; sourceTree = "<group>"; };
		B58B50F01A51CCBD00407BB1 /* FolderFooter.txt */ = {isa = PBXFileReference; fileEncoding = 4; lastKnownFileType = text; path = FolderFooter.txt; sourceTree = "<group>"; };
		B58B50F21A51CCE400407BB1 /* FolderOpen.txt */ = {isa = PBXFileReference; fileEncoding = 4; lastKnownFileType = text; path = FolderOpen.txt; sourceTree = "<group>"; };
		B58B50F41A51D61A00407BB1 /* graph.kml */ = {isa = PBXFileReference; fileEncoding = 4; lastKnownFileType = text.xml; path = graph.kml; sourceTree = "<group>"; };
		B58B50F61A51D91500407BB1 /* NodeSection2.txt */ = {isa = PBXFileReference; fileEncoding = 4; lastKnownFileType = text; path = NodeSection2.txt; sourceTree = "<group>"; };
		B58B50F81A51F1A400407BB1 /* EdgeSection2Blue.txt */ = {isa = PBXFileReference; fileEncoding = 4; lastKnownFileType = text; path = EdgeSection2Blue.txt; sourceTree = "<group>"; };
		B58B50FB1A522BE600407BB1 /* MapKit.framework */ = {isa = PBXFileReference; lastKnownFileType = wrapper.framework; name = MapKit.framework; path = System/Library/Frameworks/MapKit.framework; sourceTree = SDKROOT; };
		B58B51011A526A1300407BB1 /* NodeAnnotation.swift */ = {isa = PBXFileReference; fileEncoding = 4; lastKnownFileType = sourcecode.swift; path = NodeAnnotation.swift; sourceTree = "<group>"; };
		B58B510B1A52720A00407BB1 /* Junction.png */ = {isa = PBXFileReference; lastKnownFileType = image.png; path = Junction.png; sourceTree = "<group>"; };
		B5BAF2FE1A2EDD4F00DE1262 /* nodes,edges.txt */ = {isa = PBXFileReference; fileEncoding = 4; lastKnownFileType = text; path = "nodes,edges.txt"; sourceTree = "<group>"; };
		B5BAF3001A2EDD8000DE1262 /* GraphReader.swift */ = {isa = PBXFileReference; fileEncoding = 4; lastKnownFileType = sourcecode.swift; path = GraphReader.swift; sourceTree = "<group>"; };
		B5EE37571A3EBE26004F483C /* Coordinate.swift */ = {isa = PBXFileReference; fileEncoding = 4; lastKnownFileType = sourcecode.swift; path = Coordinate.swift; sourceTree = "<group>"; };
		B5EE37891A47E706004F483C /* SceneKit.framework */ = {isa = PBXFileReference; lastKnownFileType = wrapper.framework; name = SceneKit.framework; path = System/Library/Frameworks/SceneKit.framework; sourceTree = SDKROOT; };
		B5EE378B1A480DA4004F483C /* GLKit.framework */ = {isa = PBXFileReference; lastKnownFileType = wrapper.framework; name = GLKit.framework; path = System/Library/Frameworks/GLKit.framework; sourceTree = SDKROOT; };
/* End PBXFileReference section */

/* Begin PBXFrameworksBuildPhase section */
		B51479601A26F076004A7C76 /* Frameworks */ = {
			isa = PBXFrameworksBuildPhase;
			buildActionMask = 2147483647;
			files = (
				B58B50FC1A522BE600407BB1 /* MapKit.framework in Frameworks */,
				B5EE378D1A480E64004F483C /* GLKit.framework in Frameworks */,
				B5EE378A1A47E706004F483C /* SceneKit.framework in Frameworks */,
			);
			runOnlyForDeploymentPostprocessing = 0;
		};
		B51479781A26F076004A7C76 /* Frameworks */ = {
			isa = PBXFrameworksBuildPhase;
			buildActionMask = 2147483647;
			files = (
			);
			runOnlyForDeploymentPostprocessing = 0;
		};
/* End PBXFrameworksBuildPhase section */

/* Begin PBXGroup section */
		B514795A1A26F075004A7C76 = {
			isa = PBXGroup;
			children = (
				B58B50FB1A522BE600407BB1 /* MapKit.framework */,
				B5EE378B1A480DA4004F483C /* GLKit.framework */,
				B5EE37891A47E706004F483C /* SceneKit.framework */,
				B51479651A26F076004A7C76 /* Graphs */,
				B514797E1A26F076004A7C76 /* GraphsTests */,
				B51479641A26F076004A7C76 /* Products */,
			);
			sourceTree = "<group>";
		};
		B51479641A26F076004A7C76 /* Products */ = {
			isa = PBXGroup;
			children = (
				B51479631A26F076004A7C76 /* Graphs.app */,
				B514797B1A26F076004A7C76 /* GraphsTests.xctest */,
			);
			name = Products;
			sourceTree = "<group>";
		};
		B51479651A26F076004A7C76 /* Graphs */ = {
			isa = PBXGroup;
			children = (
				B550B3561A5A5B8B005A9C4A /* delete.png */,
				B550B3541A5A507D005A9C4A /* parkingThin.png */,
				B550B3521A5A0282005A9C4A /* walking.png */,
				B550B3501A5A0192005A9C4A /* night.png */,
				B550B34E1A59FB35005A9C4A /* arrow.png */,
				B550B34C1A59F967005A9C4A /* confirm.png */,
				B550B3461A59EC66005A9C4A /* junctionRed.png */,
				B550B3471A59EC66005A9C4A /* parkingRed.png */,
				B550B3481A59EC66005A9C4A /* POIRed.png */,
				B550B3441A59EBFA005A9C4A /* picnicRed.png */,
				B550B3421A59E698005A9C4A /* campRed.png */,
				B550B3401A5609FD005A9C4A /* destinationIcon.png */,
				B550B33E1A5609DA005A9C4A /* waypointIcon.png */,
				B507A6091A529706003BD723 /* POI.png */,
				B507A60A1A529706003BD723 /* Picnic.png */,
				B507A60B1A529706003BD723 /* Camp.png */,
				B507A60C1A529706003BD723 /* Parking.png */,
				B58B510B1A52720A00407BB1 /* Junction.png */,
				B58B50FA1A522B7800407BB1 /* MapKit */,
				B57168271A31841700921078 /* output.txt */,
				B57168251A3183DB00921078 /* input.txt */,
				B573B4191A3411A10093F06B /* KML */,
				B5BAF2FE1A2EDD4F00DE1262 /* nodes,edges.txt */,
				B57168231A2F143700921078 /* coordinateData.txt */,
				B53D70E71A81160700D75A4A /* rivers.txt */,
				B51479681A26F076004A7C76 /* AppDelegate.swift */,
				B514796D1A26F076004A7C76 /* ViewController.swift */,
				B51479971A2A8359004A7C76 /* Dijkstra.swift */,
				B5BAF3001A2EDD8000DE1262 /* GraphReader.swift */,
				B53D70E91A81163A00D75A4A /* RiverReader.swift */,
				B507A6131A55F45E003BD723 /* ElevationGetter.swift */,
				B51479931A295653004A7C76 /* Route.swift */,
				B514798F1A294560004A7C76 /* Graph.swift */,
				B514798B1A291B48004A7C76 /* Node.swift */,
				B514798D1A291C9C004A7C76 /* Edge.swift */,
				B5EE37571A3EBE26004F483C /* Coordinate.swift */,
				B514796F1A26F076004A7C76 /* Main.storyboard */,
				B51479721A26F076004A7C76 /* Images.xcassets */,
				B51479741A26F076004A7C76 /* LaunchScreen.xib */,
				B514796A1A26F076004A7C76 /* Graphs.xcdatamodeld */,
				B51479661A26F076004A7C76 /* Supporting Files */,
				B507A6151A55FA3D003BD723 /* CalloutView.swift */,
			);
			path = Graphs;
			sourceTree = "<group>";
		};
		B51479661A26F076004A7C76 /* Supporting Files */ = {
			isa = PBXGroup;
			children = (
				B51479671A26F076004A7C76 /* Info.plist */,
			);
			name = "Supporting Files";
			sourceTree = "<group>";
		};
		B514797E1A26F076004A7C76 /* GraphsTests */ = {
			isa = PBXGroup;
			children = (
				B51479811A26F076004A7C76 /* GraphsTests.swift */,
				B514797F1A26F076004A7C76 /* Supporting Files */,
			);
			path = GraphsTests;
			sourceTree = "<group>";
		};
		B514797F1A26F076004A7C76 /* Supporting Files */ = {
			isa = PBXGroup;
			children = (
				B51479801A26F076004A7C76 /* Info.plist */,
			);
			name = "Supporting Files";
			sourceTree = "<group>";
		};
		B573B4191A3411A10093F06B /* KML */ = {
			isa = PBXGroup;
			children = (
				B571680B1A2F0C0600921078 /* KMLWriter.swift */,
				B571680D1A2F0E4400921078 /* output.kml */,
				B58B50F41A51D61A00407BB1 /* graph.kml */,
				B571680F1A2F0FE500921078 /* KMLHeader.txt */,
				B571681D1A2F110C00921078 /* KMLFooter.txt */,
				B58B50EE1A51CC8C00407BB1 /* FolderHeader.txt */,
				B58B50F21A51CCE400407BB1 /* FolderOpen.txt */,
				B58B50EC1A51CC7900407BB1 /* FolderSection2.txt */,
				B58B50F01A51CCBD00407BB1 /* FolderFooter.txt */,
				B57168111A2F100200921078 /* NodeHeader.txt */,
				B58B50F61A51D91500407BB1 /* NodeSection2.txt */,
				B57168151A2F106700921078 /* NodeSection3.txt */,
				B573B4171A31A55A0093F06B /* NodeSection4.txt */,
				B57168131A2F103500921078 /* NodeFooter.txt */,
				B57168171A2F10B700921078 /* EdgeHeader.txt */,
				B57168191A2F10D500921078 /* EdgeSection2White.txt */,
				B58B50F81A51F1A400407BB1 /* EdgeSection2Blue.txt */,
				B571681B1A2F10EC00921078 /* EdgeFooter.txt */,
				B58B50EA1A51CC6600407BB1 /* Invisible.txt */,
			);
			name = KML;
			sourceTree = "<group>";
		};
		B58B50FA1A522B7800407BB1 /* MapKit */ = {
			isa = PBXGroup;
			children = (
				B58B51011A526A1300407BB1 /* NodeAnnotation.swift */,
			);
			name = MapKit;
			sourceTree = "<group>";
		};
/* End PBXGroup section */

/* Begin PBXNativeTarget section */
		B51479621A26F076004A7C76 /* Graphs */ = {
			isa = PBXNativeTarget;
			buildConfigurationList = B51479851A26F076004A7C76 /* Build configuration list for PBXNativeTarget "Graphs" */;
			buildPhases = (
				B514795F1A26F076004A7C76 /* Sources */,
				B51479601A26F076004A7C76 /* Frameworks */,
				B51479611A26F076004A7C76 /* Resources */,
			);
			buildRules = (
			);
			dependencies = (
			);
			name = Graphs;
			productName = Graphs;
			productReference = B51479631A26F076004A7C76 /* Graphs.app */;
			productType = "com.apple.product-type.application";
		};
		B514797A1A26F076004A7C76 /* GraphsTests */ = {
			isa = PBXNativeTarget;
			buildConfigurationList = B51479881A26F076004A7C76 /* Build configuration list for PBXNativeTarget "GraphsTests" */;
			buildPhases = (
				B51479771A26F076004A7C76 /* Sources */,
				B51479781A26F076004A7C76 /* Frameworks */,
				B51479791A26F076004A7C76 /* Resources */,
			);
			buildRules = (
			);
			dependencies = (
				B514797D1A26F076004A7C76 /* PBXTargetDependency */,
			);
			name = GraphsTests;
			productName = GraphsTests;
			productReference = B514797B1A26F076004A7C76 /* GraphsTests.xctest */;
			productType = "com.apple.product-type.bundle.unit-test";
		};
/* End PBXNativeTarget section */

/* Begin PBXProject section */
		B514795B1A26F075004A7C76 /* Project object */ = {
			isa = PBXProject;
			attributes = {
				LastSwiftMigration = 0700;
				LastSwiftUpdateCheck = 0700;
				LastUpgradeCheck = 0700;
				ORGANIZATIONNAME = "Taylor H. Gilbert";
				TargetAttributes = {
					B51479621A26F076004A7C76 = {
						CreatedOnToolsVersion = 6.1;
						DevelopmentTeam = XL9PR4L78Q;
					};
					B514797A1A26F076004A7C76 = {
						CreatedOnToolsVersion = 6.1;
						TestTargetID = B51479621A26F076004A7C76;
					};
				};
			};
			buildConfigurationList = B514795E1A26F075004A7C76 /* Build configuration list for PBXProject "Graphs" */;
			compatibilityVersion = "Xcode 3.2";
			developmentRegion = English;
			hasScannedForEncodings = 0;
			knownRegions = (
				en,
				Base,
			);
			mainGroup = B514795A1A26F075004A7C76;
			productRefGroup = B51479641A26F076004A7C76 /* Products */;
			projectDirPath = "";
			projectRoot = "";
			targets = (
				B51479621A26F076004A7C76 /* Graphs */,
				B514797A1A26F076004A7C76 /* GraphsTests */,
			);
		};
/* End PBXProject section */

/* Begin PBXResourcesBuildPhase section */
		B51479611A26F076004A7C76 /* Resources */ = {
			isa = PBXResourcesBuildPhase;
			buildActionMask = 2147483647;
			files = (
				B550B3531A5A0282005A9C4A /* walking.png in Resources */,
				B550B34A1A59EC66005A9C4A /* parkingRed.png in Resources */,
				B550B34B1A59EC66005A9C4A /* POIRed.png in Resources */,
				B58B50F11A51CCBD00407BB1 /* FolderFooter.txt in Resources */,
				B58B50F91A51F1A400407BB1 /* EdgeSection2Blue.txt in Resources */,
				B58B50EB1A51CC6600407BB1 /* Invisible.txt in Resources */,
				B507A60D1A529706003BD723 /* POI.png in Resources */,
				B550B34D1A59F967005A9C4A /* confirm.png in Resources */,
				B550B33F1A5609DA005A9C4A /* waypointIcon.png in Resources */,
				B58B50F31A51CCE400407BB1 /* FolderOpen.txt in Resources */,
				B571681E1A2F110C00921078 /* KMLFooter.txt in Resources */,
				B53D70E81A81160700D75A4A /* rivers.txt in Resources */,
				B57168281A31841700921078 /* output.txt in Resources */,
				B571681A1A2F10D500921078 /* EdgeSection2White.txt in Resources */,
				B507A6101A529706003BD723 /* Parking.png in Resources */,
				B58B510C1A52720A00407BB1 /* Junction.png in Resources */,
				B573B4181A31A55A0093F06B /* NodeSection4.txt in Resources */,
				B58B50F51A51D61A00407BB1 /* graph.kml in Resources */,
				B550B3491A59EC66005A9C4A /* junctionRed.png in Resources */,
				B57168241A2F143700921078 /* coordinateData.txt in Resources */,
				B57168141A2F103500921078 /* NodeFooter.txt in Resources */,
				B51479711A26F076004A7C76 /* Main.storyboard in Resources */,
				B550B3431A59E698005A9C4A /* campRed.png in Resources */,
				B507A60F1A529706003BD723 /* Camp.png in Resources */,
				B550B3411A5609FD005A9C4A /* destinationIcon.png in Resources */,
				B58B50F71A51D91500407BB1 /* NodeSection2.txt in Resources */,
				B507A60E1A529706003BD723 /* Picnic.png in Resources */,
				B57168121A2F100200921078 /* NodeHeader.txt in Resources */,
				B571681C1A2F10EC00921078 /* EdgeFooter.txt in Resources */,
				B550B3571A5A5B8B005A9C4A /* delete.png in Resources */,
				B51479761A26F076004A7C76 /* LaunchScreen.xib in Resources */,
				B57168101A2F0FE500921078 /* KMLHeader.txt in Resources */,
				B58B50ED1A51CC7900407BB1 /* FolderSection2.txt in Resources */,
				B550B3551A5A507D005A9C4A /* parkingThin.png in Resources */,
				B57168261A3183DB00921078 /* input.txt in Resources */,
				B550B34F1A59FB35005A9C4A /* arrow.png in Resources */,
				B550B3451A59EBFA005A9C4A /* picnicRed.png in Resources */,
				B5BAF2FF1A2EDD5000DE1262 /* nodes,edges.txt in Resources */,
				B58B50EF1A51CC8C00407BB1 /* FolderHeader.txt in Resources */,
				B57168181A2F10B700921078 /* EdgeHeader.txt in Resources */,
				B571680E1A2F0E4400921078 /* output.kml in Resources */,
				B51479731A26F076004A7C76 /* Images.xcassets in Resources */,
				B550B3511A5A0192005A9C4A /* night.png in Resources */,
				B57168161A2F106700921078 /* NodeSection3.txt in Resources */,
			);
			runOnlyForDeploymentPostprocessing = 0;
		};
		B51479791A26F076004A7C76 /* Resources */ = {
			isa = PBXResourcesBuildPhase;
			buildActionMask = 2147483647;
			files = (
			);
			runOnlyForDeploymentPostprocessing = 0;
		};
/* End PBXResourcesBuildPhase section */

/* Begin PBXSourcesBuildPhase section */
		B514795F1A26F076004A7C76 /* Sources */ = {
			isa = PBXSourcesBuildPhase;
			buildActionMask = 2147483647;
			files = (
				B51479901A294560004A7C76 /* Graph.swift in Sources */,
				B5BAF3011A2EDD8000DE1262 /* GraphReader.swift in Sources */,
				B514796E1A26F076004A7C76 /* ViewController.swift in Sources */,
				B571680C1A2F0C0600921078 /* KMLWriter.swift in Sources */,
				B514796C1A26F076004A7C76 /* Graphs.xcdatamodeld in Sources */,
				B53D70EA1A81163A00D75A4A /* RiverReader.swift in Sources */,
				B5EE37581A3EBE26004F483C /* Coordinate.swift in Sources */,
				B51479691A26F076004A7C76 /* AppDelegate.swift in Sources */,
				B507A6161A55FA3D003BD723 /* CalloutView.swift in Sources */,
				B514798E1A291C9C004A7C76 /* Edge.swift in Sources */,
				B51479941A295653004A7C76 /* Route.swift in Sources */,
				B507A6141A55F45E003BD723 /* ElevationGetter.swift in Sources */,
				B58B51021A526A1300407BB1 /* NodeAnnotation.swift in Sources */,
				B514798C1A291B48004A7C76 /* Node.swift in Sources */,
				B51479981A2A8359004A7C76 /* Dijkstra.swift in Sources */,
			);
			runOnlyForDeploymentPostprocessing = 0;
		};
		B51479771A26F076004A7C76 /* Sources */ = {
			isa = PBXSourcesBuildPhase;
			buildActionMask = 2147483647;
			files = (
				B51479821A26F076004A7C76 /* GraphsTests.swift in Sources */,
			);
			runOnlyForDeploymentPostprocessing = 0;
		};
/* End PBXSourcesBuildPhase section */

/* Begin PBXTargetDependency section */
		B514797D1A26F076004A7C76 /* PBXTargetDependency */ = {
			isa = PBXTargetDependency;
			target = B51479621A26F076004A7C76 /* Graphs */;
			targetProxy = B514797C1A26F076004A7C76 /* PBXContainerItemProxy */;
		};
/* End PBXTargetDependency section */

/* Begin PBXVariantGroup section */
		B514796F1A26F076004A7C76 /* Main.storyboard */ = {
			isa = PBXVariantGroup;
			children = (
				B51479701A26F076004A7C76 /* Base */,
			);
			name = Main.storyboard;
			sourceTree = "<group>";
		};
		B51479741A26F076004A7C76 /* LaunchScreen.xib */ = {
			isa = PBXVariantGroup;
			children = (
				B51479751A26F076004A7C76 /* Base */,
			);
			name = LaunchScreen.xib;
			sourceTree = "<group>";
		};
/* End PBXVariantGroup section */

/* Begin XCBuildConfiguration section */
		B51479831A26F076004A7C76 /* Debug */ = {
			isa = XCBuildConfiguration;
			buildSettings = {
				ALWAYS_SEARCH_USER_PATHS = NO;
				CLANG_CXX_LANGUAGE_STANDARD = "gnu++0x";
				CLANG_CXX_LIBRARY = "libc++";
				CLANG_ENABLE_MODULES = YES;
				CLANG_ENABLE_OBJC_ARC = YES;
				CLANG_WARN_BOOL_CONVERSION = YES;
				CLANG_WARN_CONSTANT_CONVERSION = YES;
				CLANG_WARN_DIRECT_OBJC_ISA_USAGE = YES_ERROR;
				CLANG_WARN_EMPTY_BODY = YES;
				CLANG_WARN_ENUM_CONVERSION = YES;
				CLANG_WARN_INT_CONVERSION = YES;
				CLANG_WARN_OBJC_ROOT_CLASS = YES_ERROR;
				CLANG_WARN_UNREACHABLE_CODE = YES;
				CLANG_WARN__DUPLICATE_METHOD_MATCH = YES;
				"CODE_SIGN_IDENTITY[sdk=iphoneos*]" = "iPhone Developer";
				COPY_PHASE_STRIP = NO;
				ENABLE_STRICT_OBJC_MSGSEND = YES;
				ENABLE_TESTABILITY = YES;
				GCC_C_LANGUAGE_STANDARD = gnu99;
				GCC_DYNAMIC_NO_PIC = NO;
				GCC_OPTIMIZATION_LEVEL = 0;
				GCC_PREPROCESSOR_DEFINITIONS = (
					"DEBUG=1",
					"$(inherited)",
				);
				GCC_SYMBOLS_PRIVATE_EXTERN = NO;
				GCC_WARN_64_TO_32_BIT_CONVERSION = YES;
				GCC_WARN_ABOUT_RETURN_TYPE = YES_ERROR;
				GCC_WARN_UNDECLARED_SELECTOR = YES;
				GCC_WARN_UNINITIALIZED_AUTOS = YES_AGGRESSIVE;
				GCC_WARN_UNUSED_FUNCTION = YES;
				GCC_WARN_UNUSED_VARIABLE = YES;
				IPHONEOS_DEPLOYMENT_TARGET = 8.1;
				MTL_ENABLE_DEBUG_INFO = YES;
				ONLY_ACTIVE_ARCH = YES;
				SDKROOT = iphoneos;
				SWIFT_OPTIMIZATION_LEVEL = "-Onone";
			};
			name = Debug;
		};
		B51479841A26F076004A7C76 /* Release */ = {
			isa = XCBuildConfiguration;
			buildSettings = {
				ALWAYS_SEARCH_USER_PATHS = NO;
				CLANG_CXX_LANGUAGE_STANDARD = "gnu++0x";
				CLANG_CXX_LIBRARY = "libc++";
				CLANG_ENABLE_MODULES = YES;
				CLANG_ENABLE_OBJC_ARC = YES;
				CLANG_WARN_BOOL_CONVERSION = YES;
				CLANG_WARN_CONSTANT_CONVERSION = YES;
				CLANG_WARN_DIRECT_OBJC_ISA_USAGE = YES_ERROR;
				CLANG_WARN_EMPTY_BODY = YES;
				CLANG_WARN_ENUM_CONVERSION = YES;
				CLANG_WARN_INT_CONVERSION = YES;
				CLANG_WARN_OBJC_ROOT_CLASS = YES_ERROR;
				CLANG_WARN_UNREACHABLE_CODE = YES;
				CLANG_WARN__DUPLICATE_METHOD_MATCH = YES;
				"CODE_SIGN_IDENTITY[sdk=iphoneos*]" = "iPhone Developer";
				COPY_PHASE_STRIP = YES;
				ENABLE_NS_ASSERTIONS = NO;
				ENABLE_STRICT_OBJC_MSGSEND = YES;
				GCC_C_LANGUAGE_STANDARD = gnu99;
				GCC_WARN_64_TO_32_BIT_CONVERSION = YES;
				GCC_WARN_ABOUT_RETURN_TYPE = YES_ERROR;
				GCC_WARN_UNDECLARED_SELECTOR = YES;
				GCC_WARN_UNINITIALIZED_AUTOS = YES_AGGRESSIVE;
				GCC_WARN_UNUSED_FUNCTION = YES;
				GCC_WARN_UNUSED_VARIABLE = YES;
				IPHONEOS_DEPLOYMENT_TARGET = 8.1;
				MTL_ENABLE_DEBUG_INFO = NO;
				SDKROOT = iphoneos;
				VALIDATE_PRODUCT = YES;
			};
			name = Release;
		};
		B51479861A26F076004A7C76 /* Debug */ = {
			isa = XCBuildConfiguration;
			buildSettings = {
				ASSETCATALOG_COMPILER_APPICON_NAME = AppIcon;
				CODE_SIGN_IDENTITY = "iPhone Developer: Taylor Gilbert (7DCPJVTE8R)";
				"CODE_SIGN_IDENTITY[sdk=iphoneos*]" = "iPhone Developer: Taylor Gilbert (7DCPJVTE8R)";
				INFOPLIST_FILE = Graphs/Info.plist;
				LD_RUNPATH_SEARCH_PATHS = "$(inherited) @executable_path/Frameworks";
				PRODUCT_BUNDLE_IDENTIFIER = "taylorg.$(PRODUCT_NAME:rfc1034identifier)";
				PRODUCT_NAME = "$(TARGET_NAME)";
				PROVISIONING_PROFILE = "";
				TARGETED_DEVICE_FAMILY = 2;
			};
			name = Debug;
		};
		B51479871A26F076004A7C76 /* Release */ = {
			isa = XCBuildConfiguration;
			buildSettings = {
				ASSETCATALOG_COMPILER_APPICON_NAME = AppIcon;
				CODE_SIGN_IDENTITY = "iPhone Developer: Taylor Gilbert (7DCPJVTE8R)";
				"CODE_SIGN_IDENTITY[sdk=iphoneos*]" = "iPhone Developer: Taylor Gilbert (7DCPJVTE8R)";
				INFOPLIST_FILE = Graphs/Info.plist;
				LD_RUNPATH_SEARCH_PATHS = "$(inherited) @executable_path/Frameworks";
				PRODUCT_BUNDLE_IDENTIFIER = "taylorg.$(PRODUCT_NAME:rfc1034identifier)";
				PRODUCT_NAME = "$(TARGET_NAME)";
				PROVISIONING_PROFILE = "";
				TARGETED_DEVICE_FAMILY = 2;
			};
			name = Release;
		};
		B51479891A26F076004A7C76 /* Debug */ = {
			isa = XCBuildConfiguration;
			buildSettings = {
				BUNDLE_LOADER = "$(TEST_HOST)";
				FRAMEWORK_SEARCH_PATHS = (
					"$(SDKROOT)/Developer/Library/Frameworks",
					"$(inherited)",
				);
				GCC_PREPROCESSOR_DEFINITIONS = (
					"DEBUG=1",
					"$(inherited)",
				);
				INFOPLIST_FILE = GraphsTests/Info.plist;
				LD_RUNPATH_SEARCH_PATHS = "$(inherited) @executable_path/Frameworks @loader_path/Frameworks";
				PRODUCT_BUNDLE_IDENTIFIER = "taylorg.$(PRODUCT_NAME:rfc1034identifier)";
				PRODUCT_NAME = "$(TARGET_NAME)";
				TEST_HOST = "$(BUILT_PRODUCTS_DIR)/Graphs.app/Graphs";
			};
			name = Debug;
		};
		B514798A1A26F076004A7C76 /* Release */ = {
			isa = XCBuildConfiguration;
			buildSettings = {
				BUNDLE_LOADER = "$(TEST_HOST)";
				FRAMEWORK_SEARCH_PATHS = (
					"$(SDKROOT)/Developer/Library/Frameworks",
					"$(inherited)",
				);
				INFOPLIST_FILE = GraphsTests/Info.plist;
				LD_RUNPATH_SEARCH_PATHS = "$(inherited) @executable_path/Frameworks @loader_path/Frameworks";
				PRODUCT_BUNDLE_IDENTIFIER = "taylorg.$(PRODUCT_NAME:rfc1034identifier)";
				PRODUCT_NAME = "$(TARGET_NAME)";
				TEST_HOST = "$(BUILT_PRODUCTS_DIR)/Graphs.app/Graphs";
			};
			name = Release;
		};
/* End XCBuildConfiguration section */

/* Begin XCConfigurationList section */
		B514795E1A26F075004A7C76 /* Build configuration list for PBXProject "Graphs" */ = {
			isa = XCConfigurationList;
			buildConfigurations = (
				B51479831A26F076004A7C76 /* Debug */,
				B51479841A26F076004A7C76 /* Release */,
			);
			defaultConfigurationIsVisible = 0;
			defaultConfigurationName = Release;
		};
		B51479851A26F076004A7C76 /* Build configuration list for PBXNativeTarget "Graphs" */ = {
			isa = XCConfigurationList;
			buildConfigurations = (
				B51479861A26F076004A7C76 /* Debug */,
				B51479871A26F076004A7C76 /* Release */,
			);
			defaultConfigurationIsVisible = 0;
			defaultConfigurationName = Release;
		};
		B51479881A26F076004A7C76 /* Build configuration list for PBXNativeTarget "GraphsTests" */ = {
			isa = XCConfigurationList;
			buildConfigurations = (
				B51479891A26F076004A7C76 /* Debug */,
				B514798A1A26F076004A7C76 /* Release */,
			);
			defaultConfigurationIsVisible = 0;
			defaultConfigurationName = Release;
		};
/* End XCConfigurationList section */

/* Begin XCVersionGroup section */
		B514796A1A26F076004A7C76 /* Graphs.xcdatamodeld */ = {
			isa = XCVersionGroup;
			children = (
				B514796B1A26F076004A7C76 /* Graphs.xcdatamodel */,
			);
			currentVersion = B514796B1A26F076004A7C76 /* Graphs.xcdatamodel */;
			path = Graphs.xcdatamodeld;
			sourceTree = "<group>";
			versionGroupType = wrapper.xcdatamodel;
		};
/* End XCVersionGroup section */
	};
	rootObject = B514795B1A26F075004A7C76 /* Project object */;
}
